PODS:
  - Argo (3.1.0):
    - Runes (>= 3.0.0)
  - Mockingjay (1.3.0):
    - Mockingjay/Core (= 1.3.0)
    - Mockingjay/XCTest (= 1.3.0)
  - Mockingjay/Core (1.3.0):
    - URITemplate (~> 2.0)
  - Mockingjay/XCTest (1.3.0):
    - Mockingjay/Core
  - Nimble (5.0.0)
  - Ogra (3.1.0):
    - Argo (~> 3.1)
  - Quick (0.10.0)
  - Result (3.0.0)
  - Runes (3.2.1)
  - Swish (1.0.0):
    - Argo (~> 3.1.0)
    - Result (~> 3.0.0)
  - URITemplate (2.0.0)

DEPENDENCIES:
  - Argo (from `https://github.com/Eke/Argo.git`, branch `master`)
  - Mockingjay (from `https://github.com/kylef/Mockingjay.git`, branch `master`)
  - Nimble
  - Ogra
  - Quick
  - Result
  - Runes (from `https://github.com/thoughtbot/Runes.git`, branch `master`)
  - Swish (from `https://github.com/Eke/Swish.git`, branch `swift-3.0`)
  - URITemplate (from `https://github.com/kylef/URITemplate.swift.git`, branch `master`)

EXTERNAL SOURCES:
  Argo:
    :branch: master
    :git: https://github.com/Eke/Argo.git
  Mockingjay:
    :branch: master
    :git: https://github.com/kylef/Mockingjay.git
  Runes:
    :branch: master
    :git: https://github.com/thoughtbot/Runes.git
  Swish:
    :branch: swift-3.0
    :git: https://github.com/Eke/Swish.git
  URITemplate:
    :branch: master
    :git: https://github.com/kylef/URITemplate.swift.git

CHECKOUT OPTIONS:
  Argo:
    :commit: 1a2587f59c4ecb2592f7bbcd19d4a2e6c6eb7b34
    :git: https://github.com/Eke/Argo.git
  Mockingjay:
    :commit: d29a7c68c7c5947cc7602b282cdc635b5b90e05a
    :git: https://github.com/kylef/Mockingjay.git
  Runes:
    :commit: e00cf681ec03a2dbf2b4cd6dd1e24d522f55474b
    :git: https://github.com/thoughtbot/Runes.git
  Swish:
    :commit: 0bab8e1b1e15b91bf5992abdd690b953a17e2315
    :git: https://github.com/Eke/Swish.git
  URITemplate:
    :commit: fc3c414a412b4be83f413d1d18ee44404db736aa
    :git: https://github.com/kylef/URITemplate.swift.git

SPEC CHECKSUMS:
  Argo: d46a98975bcd237992b644af0ffe786e99197a44
  Mockingjay: 31208eb6cb4d20324cc845c0ca2837232d48038b
  Nimble: 56fc9f5020effa2206de22c3dd910f4fb011b92f
  Ogra: 757819d281cac282ab8cc3be2be89e6cc132c13e
  Quick: 5d290df1c69d5ee2f0729956dcf0fd9a30447eaa
  Result: 1b3e431f37cbcd3ad89c6aa9ab0ae55515fae3b6
  Runes: 6231c760e43f26bd3fe804f15bc08bd1e40e6c46
  Swish: 1a80b8c33c9eacd57e26c12516dab2d9947a7d5c
  URITemplate: a5acb3f76c6a2338116fde88b658d83f91bbac45

PODFILE CHECKSUM: a4a48b399a656670bf57273dbfe16a5c2db8db4b

COCOAPODS: 1.0.1
