PODS:
  - Argo (4.0.0):
    - Runes (>= 4.0.0)
  - Ogra (4.0.0):
    - Argo (~> 4.0)
  - Result (3.0.0)
  - Runes (4.0.0)
  - Swish (1.0.0):
    - Argo (~> 4.0.0)
    - Result (~> 3.0.0)

DEPENDENCIES:
  - Argo (>= 4.0.0)
  - Ogra (>= 4.0.0)
  - Result
  - Runes (>= 4.0.0)
  - Swish (from `https://github.com/Eke/Swish.git`, branch `swift-3.0`)

EXTERNAL SOURCES:
  Swish:
    :branch: swift-3.0
    :git: https://github.com/Eke/Swish.git

CHECKOUT OPTIONS:
  Swish:
    :commit: 0e4fafefaa6182b6671343c303ad308aa2669fc3
    :git: https://github.com/Eke/Swish.git

SPEC CHECKSUMS:
  Argo: e808d20ee2e95c4498276ca1812d75d3b0b00090
  Ogra: 39bde7c29a5b083dafb84af60da4c12eb7f620e3
  Result: 1b3e431f37cbcd3ad89c6aa9ab0ae55515fae3b6
  Runes: 423ee2dac4dedb4626a859c0962c934195ba8433
  Swish: 1a870700f32b203458a6565059a8f5a57f63ab6b

PODFILE CHECKSUM: 7275226e14d5761b9ed07e4a2bb3206b56ff1790

COCOAPODS: 1.0.1
